
Microsoft Visual Studio Solution File, Format Version 11.00
# Visual Studio 2010
Project("{FAE04EC0-301F-11D3-BF4B-00C04F79EFBC}") = "JqueryUpdatePanel", "JqueryUpdatePanel.csproj", "{EF6C8DB9-A4B1-4DAC-A815-E5D1089ABEDB}"
EndProject
Project("{E24C65DC-7377-472B-9ABA-BC803B73C61A}") = "WebSite2", "..\..\WebSites\WebSite2\", "{E9B5D574-E99C-46B9-B0FF-1586799D6E60}"
	ProjectSection(WebsiteProperties) = preProject
		TargetFrameworkMoniker = ".NETFramework,Version%3Dv4.0"
		ProjectReferences = "{EF6C8DB9-A4B1-4DAC-A815-E5D1089ABEDB}|JqueryUpdatePanel.dll;"
		Debug.AspNetCompiler.VirtualPath = "/WebSite2"
		Debug.AspNetCompiler.PhysicalPath = "..\..\WebSites\WebSite2\"
		Debug.AspNetCompiler.TargetPath = "PrecompiledWeb\WebSite2\"
		Debug.AspNetCompiler.Updateable = "true"
		Debug.AspNetCompiler.ForceOverwrite = "true"
		Debug.AspNetCompiler.FixedNames = "false"
		Debug.AspNetCompiler.Debug = "True"
		Release.AspNetCompiler.VirtualPath = "/WebSite2"
		Release.AspNetCompiler.PhysicalPath = "..\..\WebSites\WebSite2\"
		Release.AspNetCompiler.TargetPath = "PrecompiledWeb\WebSite2\"
		Release.AspNetCompiler.Updateable = "true"
		Release.AspNetCompiler.ForceOverwrite = "true"
		Release.AspNetCompiler.FixedNames = "false"
		Release.AspNetCompiler.Debug = "False"
		VWDPort = "55703"
		DefaultWebSiteLanguage = "Visual C#"
	EndProjectSection
EndProject
Global
	GlobalSection(SolutionConfigurationPlatforms) = preSolution
		Debug|Any CPU = Debug|Any CPU
		Release|Any CPU = Release|Any CPU
	EndGlobalSection
	GlobalSection(ProjectConfigurationPlatforms) = postSolution
		{EF6C8DB9-A4B1-4DAC-A815-E5D1089ABEDB}.Debug|Any CPU.ActiveCfg = Debug|Any CPU
		{EF6C8DB9-A4B1-4DAC-A815-E5D1089ABEDB}.Debug|Any CPU.Build.0 = Debug|Any CPU
		{EF6C8DB9-A4B1-4DAC-A815-E5D1089ABEDB}.Release|Any CPU.ActiveCfg = Release|Any CPU
		{EF6C8DB9-A4B1-4DAC-A815-E5D1089ABEDB}.Release|Any CPU.Build.0 = Release|Any CPU
		{E9B5D574-E99C-46B9-B0FF-1586799D6E60}.Debug|Any CPU.ActiveCfg = Debug|Any CPU
		{E9B5D574-E99C-46B9-B0FF-1586799D6E60}.Debug|Any CPU.Build.0 = Debug|Any CPU
		{E9B5D574-E99C-46B9-B0FF-1586799D6E60}.Release|Any CPU.ActiveCfg = Debug|Any CPU
		{E9B5D574-E99C-46B9-B0FF-1586799D6E60}.Release|Any CPU.Build.0 = Debug|Any CPU
	EndGlobalSection
	GlobalSection(SolutionProperties) = preSolution
		HideSolutionNode = FALSE
	EndGlobalSection
EndGlobal
